
Microsoft Visual Studio Solution File, Format Version 12.00
# Visual Studio Version 17
VisualStudioVersion = 17.0.31919.166
MinimumVisualStudioVersion = 10.0.40219.1
Project("{FAE04EC0-301F-11D3-BF4B-00C04F79EFBC}") = "StoreOfAutoparts", "StoreOfAutoparts\StoreOfAutoparts.csproj", "{68B4B780-EAAE-4F23-B49F-FC82D1C649B3}"
EndProject
Global
	GlobalSection(SolutionConfigurationPlatforms) = preSolution
		Debug|Any CPU = Debug|Any CPU
		Release|Any CPU = Release|Any CPU
	EndGlobalSection
	GlobalSection(ProjectConfigurationPlatforms) = postSolution
		{68B4B780-EAAE-4F23-B49F-FC82D1C649B3}.Debug|Any CPU.ActiveCfg = Debug|Any CPU
		{68B4B780-EAAE-4F23-B49F-FC82D1C649B3}.Debug|Any CPU.Build.0 = Debug|Any CPU
		{68B4B780-EAAE-4F23-B49F-FC82D1C649B3}.Release|Any CPU.ActiveCfg = Release|Any CPU
		{68B4B780-EAAE-4F23-B49F-FC82D1C649B3}.Release|Any CPU.Build.0 = Release|Any CPU
	EndGlobalSection
	GlobalSection(SolutionProperties) = preSolution
		HideSolutionNode = FALSE
	EndGlobalSection
	GlobalSection(ExtensibilityGlobals) = postSolution
		SolutionGuid = {3BF5CD7C-B37F-4E43-A289-46EDF360C46E}
	EndGlobalSection
EndGlobal
